
Microsoft Visual Studio Solution File, Format Version 12.00
# Visual Studio Version 16
VisualStudioVersion = 16.0.30907.101
MinimumVisualStudioVersion = 10.0.40219.1
Project("{FAE04EC0-301F-11D3-BF4B-00C04F79EFBC}") = "Sample.BingMaps", "Sample.BingMaps.csproj", "{43880D6E-3610-4A41-A95F-DDADBECC691A}"
EndProject
Global
	GlobalSection(SolutionConfigurationPlatforms) = preSolution
		Debug|Any CPU = Debug|Any CPU
		Release|Any CPU = Release|Any CPU
	EndGlobalSection
	GlobalSection(ProjectConfigurationPlatforms) = postSolution
		{43880D6E-3610-4A41-A95F-DDADBECC691A}.Debug|Any CPU.ActiveCfg = Debug|Any CPU
		{43880D6E-3610-4A41-A95F-DDADBECC691A}.Debug|Any CPU.Build.0 = Debug|Any CPU
		{43880D6E-3610-4A41-A95F-DDADBECC691A}.Release|Any CPU.ActiveCfg = Release|Any CPU
		{43880D6E-3610-4A41-A95F-DDADBECC691A}.Release|Any CPU.Build.0 = Release|Any CPU
	EndGlobalSection
	GlobalSection(SolutionProperties) = preSolution
		HideSolutionNode = FALSE
	EndGlobalSection
	GlobalSection(ExtensibilityGlobals) = postSolution
		SolutionGuid = {EF61DA8E-3206-4937-86F9-88AE329B44A4}
	EndGlobalSection
EndGlobal
